// !$*UTF8*$!
{
	archiveVersion = 1;
	classes = {
	};
	objectVersion = 50;
	objects = {

/* Begin PBXBuildFile section */
		FD986FCA2576B1CB00A5CCBC /* AppDelegate.swift in Sources */ = {isa = PBXBuildFile; fileRef = FD986FC92576B1CB00A5CCBC /* AppDelegate.swift */; };
		FD986FCC2576B1CB00A5CCBC /* SceneDelegate.swift in Sources */ = {isa = PBXBuildFile; fileRef = FD986FCB2576B1CB00A5CCBC /* SceneDelegate.swift */; };
		FD986FCE2576B1CB00A5CCBC /* ViewController.swift in Sources */ = {isa = PBXBuildFile; fileRef = FD986FCD2576B1CB00A5CCBC /* ViewController.swift */; };
		FD986FD12576B1CB00A5CCBC /* Main.storyboard in Resources */ = {isa = PBXBuildFile; fileRef = FD986FCF2576B1CB00A5CCBC /* Main.storyboard */; };
		FD986FD32576B1CC00A5CCBC /* Assets.xcassets in Resources */ = {isa = PBXBuildFile; fileRef = FD986FD22576B1CC00A5CCBC /* Assets.xcassets */; };
		FD986FD62576B1CC00A5CCBC /* LaunchScreen.storyboard in Resources */ = {isa = PBXBuildFile; fileRef = FD986FD42576B1CC00A5CCBC /* LaunchScreen.storyboard */; };
/* End PBXBuildFile section */

/* Begin PBXFileReference section */
		FD986FC62576B1CB00A5CCBC /* Flexible Layout Practice.app */ = {isa = PBXFileReference; explicitFileType = wrapper.application; includeInIndex = 0; path = "Flexible Layout Practice.app"; sourceTree = BUILT_PRODUCTS_DIR; };
		FD986FC92576B1CB00A5CCBC /* AppDelegate.swift */ = {isa = PBXFileReference; lastKnownFileType = sourcecode.swift; path = AppDelegate.swift; sourceTree = "<group>"; };
		FD986FCB2576B1CB00A5CCBC /* SceneDelegate.swift */ = {isa = PBXFileReference; lastKnownFileType = sourcecode.swift; path = SceneDelegate.swift; sourceTree = "<group>"; };
		FD986FCD2576B1CB00A5CCBC /* ViewController.swift */ = {isa = PBXFileReference; lastKnownFileType = sourcecode.swift; path = ViewController.swift; sourceTree = "<group>"; };
		FD986FD02576B1CB00A5CCBC /* Base */ = {isa = PBXFileReference; lastKnownFileType = file.storyboard; name = Base; path = Base.lproj/Main.storyboard; sourceTree = "<group>"; };
		FD986FD22576B1CC00A5CCBC /* Assets.xcassets */ = {isa = PBXFileReference; lastKnownFileType = folder.assetcatalog; path = Assets.xcassets; sourceTree = "<group>"; };
		FD986FD52576B1CC00A5CCBC /* Base */ = {isa = PBXFileReference; lastKnownFileType = file.storyboard; name = Base; path = Base.lproj/LaunchScreen.storyboard; sourceTree = "<group>"; };
		FD986FD72576B1CC00A5CCBC /* Info.plist */ = {isa = PBXFileReference; lastKnownFileType = text.plist.xml; path = Info.plist; sourceTree = "<group>"; };
/* End PBXFileReference section */

/* Begin PBXFrameworksBuildPhase section */
		FD986FC32576B1CB00A5CCBC /* Frameworks */ = {
			isa = PBXFrameworksBuildPhase;
			buildActionMask = 2147483647;
			files = (
			);
			runOnlyForDeploymentPostprocessing = 0;
		};
/* End PBXFrameworksBuildPhase section */

/* Begin PBXGroup section */
		FD986FBD2576B1CB00A5CCBC = {
			isa = PBXGroup;
			children = (
				FD986FC82576B1CB00A5CCBC /* Flexible Layout Practice */,
				FD986FC72576B1CB00A5CCBC /* Products */,
			);
			sourceTree = "<group>";
		};
		FD986FC72576B1CB00A5CCBC /* Products */ = {
			isa = PBXGroup;
			children = (
				FD986FC62576B1CB00A5CCBC /* Flexible Layout Practice.app */,
			);
			name = Products;
			sourceTree = "<group>";
		};
		FD986FC82576B1CB00A5CCBC /* Flexible Layout Practice */ = {
			isa = PBXGroup;
			children = (
				FD986FC92576B1CB00A5CCBC /* AppDelegate.swift */,
				FD986FCB2576B1CB00A5CCBC /* SceneDelegate.swift */,
				FD986FCD2576B1CB00A5CCBC /* ViewController.swift */,
				FD986FCF2576B1CB00A5CCBC /* Main.storyboard */,
				FD986FD22576B1CC00A5CCBC /* Assets.xcassets */,
				FD986FD42576B1CC00A5CCBC /* LaunchScreen.storyboard */,
				FD986FD72576B1CC00A5CCBC /* Info.plist */,
			);
			path = "Flexible Layout Practice";
			sourceTree = "<group>";
		};
/* End PBXGroup section */

/* Begin PBXNativeTarget section */
		FD986FC52576B1CB00A5CCBC /* Flexible Layout Practice */ = {
			isa = PBXNativeTarget;
			buildConfigurationList = FD986FDA2576B1CC00A5CCBC /* Build configuration list for PBXNativeTarget "Flexible Layout Practice" */;
			buildPhases = (
				FD986FC22576B1CB00A5CCBC /* Sources */,
				FD986FC32576B1CB00A5CCBC /* Frameworks */,
				FD986FC42576B1CB00A5CCBC /* Resources */,
			);
			buildRules = (
			);
			dependencies = (
			);
			name = "Flexible Layout Practice";
			productName = "Flexible Layout Practice";
			productReference = FD986FC62576B1CB00A5CCBC /* Flexible Layout Practice.app */;
			productType = "com.apple.product-type.application";
		};
/* End PBXNativeTarget section */

/* Begin PBXProject section */
		FD986FBE2576B1CB00A5CCBC /* Project object */ = {
			isa = PBXProject;
			attributes = {
				LastSwiftUpdateCheck = 1130;
				LastUpgradeCheck = 1130;
				ORGANIZATIONNAME = "David Fisher";
				TargetAttributes = {
					FD986FC52576B1CB00A5CCBC = {
						CreatedOnToolsVersion = 11.3.1;
					};
				};
			};
			buildConfigurationList = FD986FC12576B1CB00A5CCBC /* Build configuration list for PBXProject "Flexible Layout Practice" */;
			compatibilityVersion = "Xcode 9.3";
			developmentRegion = en;
			hasScannedForEncodings = 0;
			knownRegions = (
				en,
				Base,
			);
			mainGroup = FD986FBD2576B1CB00A5CCBC;
			productRefGroup = FD986FC72576B1CB00A5CCBC /* Products */;
			projectDirPath = "";
			projectRoot = "";
			targets = (
				FD986FC52576B1CB00A5CCBC /* Flexible Layout Practice */,
			);
		};
/* End PBXProject section */

/* Begin PBXResourcesBuildPhase section */
		FD986FC42576B1CB00A5CCBC /* Resources */ = {
			isa = PBXResourcesBuildPhase;
			buildActionMask = 2147483647;
			files = (
				FD986FD62576B1CC00A5CCBC /* LaunchScreen.storyboard in Resources */,
				FD986FD32576B1CC00A5CCBC /* Assets.xcassets in Resources */,
				FD986FD12576B1CB00A5CCBC /* Main.storyboard in Resources */,
			);
			runOnlyForDeploymentPostprocessing = 0;
		};
/* End PBXResourcesBuildPhase section */

/* Begin PBXSourcesBuildPhase section */
		FD986FC22576B1CB00A5CCBC /* Sources */ = {
			isa = PBXSourcesBuildPhase;
			buildActionMask = 2147483647;
			files = (
				FD986FCE2576B1CB00A5CCBC /* ViewController.swift in Sources */,
				FD986FCA2576B1CB00A5CCBC /* AppDelegate.swift in Sources */,
				FD986FCC2576B1CB00A5CCBC /* SceneDelegate.swift in Sources */,
			);
			runOnlyForDeploymentPostprocessing = 0;
		};
/* End PBXSourcesBuildPhase section */

/* Begin PBXVariantGroup section */
		FD986FCF2576B1CB00A5CCBC /* Main.storyboard */ = {
			isa = PBXVariantGroup;
			children = (
				FD986FD02576B1CB00A5CCBC /* Base */,
			);
			name = Main.storyboard;
			sourceTree = "<group>";
		};
		FD986FD42576B1CC00A5CCBC /* LaunchScreen.storyboard */ = {
			isa = PBXVariantGroup;
			children = (
				FD986FD52576B1CC00A5CCBC /* Base */,
			);
			name = LaunchScreen.storyboard;
			sourceTree = "<group>";
		};
/* End PBXVariantGroup section */

/* Begin XCBuildConfiguration section */
		FD986FD82576B1CC00A5CCBC /* Debug */ = {
			isa = XCBuildConfiguration;
			buildSettings = {
				ALWAYS_SEARCH_USER_PATHS = NO;
				CLANG_ANALYZER_NONNULL = YES;
				CLANG_ANALYZER_NUMBER_OBJECT_CONVERSION = YES_AGGRESSIVE;
				CLANG_CXX_LANGUAGE_STANDARD = "gnu++14";
				CLANG_CXX_LIBRARY = "libc++";
				CLANG_ENABLE_MODULES = YES;
				CLANG_ENABLE_OBJC_ARC = YES;
				CLANG_ENABLE_OBJC_WEAK = YES;
				CLANG_WARN_BLOCK_CAPTURE_AUTORELEASING = YES;
				CLANG_WARN_BOOL_CONVERSION = YES;
				CLANG_WARN_COMMA = YES;
				CLANG_WARN_CONSTANT_CONVERSION = YES;
				CLANG_WARN_DEPRECATED_OBJC_IMPLEMENTATIONS = YES;
				CLANG_WARN_DIRECT_OBJC_ISA_USAGE = YES_ERROR;
				CLANG_WARN_DOCUMENTATION_COMMENTS = YES;
				CLANG_WARN_EMPTY_BODY = YES;
				CLANG_WARN_ENUM_CONVERSION = YES;
				CLANG_WARN_INFINITE_RECURSION = YES;
				CLANG_WARN_INT_CONVERSION = YES;
				CLANG_WARN_NON_LITERAL_NULL_CONVERSION = YES;
				CLANG_WARN_OBJC_IMPLICIT_RETAIN_SELF = YES;
				CLANG_WARN_OBJC_LITERAL_CONVERSION = YES;
				CLANG_WARN_OBJC_ROOT_CLASS = YES_ERROR;
				CLANG_WARN_RANGE_LOOP_ANALYSIS = YES;
				CLANG_WARN_STRICT_PROTOTYPES = YES;
				CLANG_WARN_SUSPICIOUS_MOVE = YES;
				CLANG_WARN_UNGUARDED_AVAILABILITY = YES_AGGRESSIVE;
				CLANG_WARN_UNREACHABLE_CODE = YES;
				CLANG_WARN__DUPLICATE_METHOD_MATCH = YES;
				COPY_PHASE_STRIP = NO;
				DEBUG_INFORMATION_FORMAT = dwarf;
				ENABLE_STRICT_OBJC_MSGSEND = YES;
				ENABLE_TESTABILITY = YES;
				GCC_C_LANGUAGE_STANDARD = gnu11;
				GCC_DYNAMIC_NO_PIC = NO;
				GCC_NO_COMMON_BLOCKS = YES;
				GCC_OPTIMIZATION_LEVEL = 0;
				GCC_PREPROCESSOR_DEFINITIONS = (
					"DEBUG=1",
					"$(inherited)",
				);
				GCC_WARN_64_TO_32_BIT_CONVERSION = YES;
				GCC_WARN_ABOUT_RETURN_TYPE = YES_ERROR;
				GCC_WARN_UNDECLARED_SELECTOR = YES;
				GCC_WARN_UNINITIALIZED_AUTOS = YES_AGGRESSIVE;
				GCC_WARN_UNUSED_FUNCTION = YES;
				GCC_WARN_UNUSED_VARIABLE = YES;
				IPHONEOS_DEPLOYMENT_TARGET = 13.2;
				MTL_ENABLE_DEBUG_INFO = INCLUDE_SOURCE;
				MTL_FAST_MATH = YES;
				ONLY_ACTIVE_ARCH = YES;
				SDKROOT = iphoneos;
				SWIFT_ACTIVE_COMPILATION_CONDITIONS = DEBUG;
				SWIFT_OPTIMIZATION_LEVEL = "-Onone";
			};
			name = Debug;
		};
		FD986FD92576B1CC00A5CCBC /* Release */ = {
			isa = XCBuildConfiguration;
			buildSettings = {
				ALWAYS_SEARCH_USER_PATHS = NO;
				CLANG_ANALYZER_NONNULL = YES;
				CLANG_ANALYZER_NUMBER_OBJECT_CONVERSION = YES_AGGRESSIVE;
				CLANG_CXX_LANGUAGE_STANDARD = "gnu++14";
				CLANG_CXX_LIBRARY = "libc++";
				CLANG_ENABLE_MODULES = YES;
				CLANG_ENABLE_OBJC_ARC = YES;
				CLANG_ENABLE_OBJC_WEAK = YES;
				CLANG_WARN_BLOCK_CAPTURE_AUTORELEASING = YES;
				CLANG_WARN_BOOL_CONVERSION = YES;
				CLANG_WARN_COMMA = YES;
				CLANG_WARN_CONSTANT_CONVERSION = YES;
				CLANG_WARN_DEPRECATED_OBJC_IMPLEMENTATIONS = YES;
				CLANG_WARN_DIRECT_OBJC_ISA_USAGE = YES_ERROR;
				CLANG_WARN_DOCUMENTATION_COMMENTS = YES;
				CLANG_WARN_EMPTY_BODY = YES;
				CLANG_WARN_ENUM_CONVERSION = YES;
				CLANG_WARN_INFINITE_RECURSION = YES;
				CLANG_WARN_INT_CONVERSION = YES;
				CLANG_WARN_NON_LITERAL_NULL_CONVERSION = YES;
				CLANG_WARN_OBJC_IMPLICIT_RETAIN_SELF = YES;
				CLANG_WARN_OBJC_LITERAL_CONVERSION = YES;
				CLANG_WARN_OBJC_ROOT_CLASS = YES_ERROR;
				CLANG_WARN_RANGE_LOOP_ANALYSIS = YES;
				CLANG_WARN_STRICT_PROTOTYPES = YES;
				CLANG_WARN_SUSPICIOUS_MOVE = YES;
				CLANG_WARN_UNGUARDED_AVAILABILITY = YES_AGGRESSIVE;
				CLANG_WARN_UNREACHABLE_CODE = YES;
				CLANG_WARN__DUPLICATE_METHOD_MATCH = YES;
				COPY_PHASE_STRIP = NO;
				DEBUG_INFORMATION_FORMAT = "dwarf-with-dsym";
				ENABLE_NS_ASSERTIONS = NO;
				ENABLE_STRICT_OBJC_MSGSEND = YES;
				GCC_C_LANGUAGE_STANDARD = gnu11;
				GCC_NO_COMMON_BLOCKS = YES;
				GCC_WARN_64_TO_32_BIT_CONVERSION = YES;
				GCC_WARN_ABOUT_RETURN_TYPE = YES_ERROR;
				GCC_WARN_UNDECLARED_SELECTOR = YES;
				GCC_WARN_UNINITIALIZED_AUTOS = YES_AGGRESSIVE;
				GCC_WARN_UNUSED_FUNCTION = YES;
				GCC_WARN_UNUSED_VARIABLE = YES;
				IPHONEOS_DEPLOYMENT_TARGET = 13.2;
				MTL_ENABLE_DEBUG_INFO = NO;
				MTL_FAST_MATH = YES;
				SDKROOT = iphoneos;
				SWIFT_COMPILATION_MODE = wholemodule;
				SWIFT_OPTIMIZATION_LEVEL = "-O";
				VALIDATE_PRODUCT = YES;
			};
			name = Release;
		};
		FD986FDB2576B1CC00A5CCBC /* Debug */ = {
			isa = XCBuildConfiguration;
			buildSettings = {
				ASSETCATALOG_COMPILER_APPICON_NAME = AppIcon;
				CODE_SIGN_STYLE = Automatic;
				DEVELOPMENT_TEAM = TGL44JG796;
				INFOPLIST_FILE = "Flexible Layout Practice/Info.plist";
				LD_RUNPATH_SEARCH_PATHS = (
					"$(inherited)",
					"@executable_path/Frameworks",
				);
				PRODUCT_BUNDLE_IDENTIFIER = "edu.rose-hulman.fisherds.Flexible-Layout-Practice";
				PRODUCT_NAME = "$(TARGET_NAME)";
				SWIFT_VERSION = 5.0;
				TARGETED_DEVICE_FAMILY = "1,2";
			};
			name = Debug;
		};
		FD986FDC2576B1CC00A5CCBC /* Release */ = {
			isa = XCBuildConfiguration;
			buildSettings = {
				ASSETCATALOG_COMPILER_APPICON_NAME = AppIcon;
				CODE_SIGN_STYLE = Automatic;
				DEVELOPMENT_TEAM = TGL44JG796;
				INFOPLIST_FILE = "Flexible Layout Practice/Info.plist";
				LD_RUNPATH_SEARCH_PATHS = (
					"$(inherited)",
					"@executable_path/Frameworks",
				);
				PRODUCT_BUNDLE_IDENTIFIER = "edu.rose-hulman.fisherds.Flexible-Layout-Practice";
				PRODUCT_NAME = "$(TARGET_NAME)";
				SWIFT_VERSION = 5.0;
				TARGETED_DEVICE_FAMILY = "1,2";
			};
			name = Release;
		};
/* End XCBuildConfiguration section */

/* Begin XCConfigurationList section */
		FD986FC12576B1CB00A5CCBC /* Build configuration list for PBXProject "Flexible Layout Practice" */ = {
			isa = XCConfigurationList;
			buildConfigurations = (
				FD986FD82576B1CC00A5CCBC /* Debug */,
				FD986FD92576B1CC00A5CCBC /* Release */,
			);
			defaultConfigurationIsVisible = 0;
			defaultConfigurationName = Release;
		};
		FD986FDA2576B1CC00A5CCBC /* Build configuration list for PBXNativeTarget "Flexible Layout Practice" */ = {
			isa = XCConfigurationList;
			buildConfigurations = (
				FD986FDB2576B1CC00A5CCBC /* Debug */,
				FD986FDC2576B1CC00A5CCBC /* Release */,
			);
			defaultConfigurationIsVisible = 0;
			defaultConfigurationName = Release;
		};
/* End XCConfigurationList section */
	};
	rootObject = FD986FBE2576B1CB00A5CCBC /* Project object */;
}
